// !$*UTF8*$!
{
	archiveVersion = 1;
	classes = {
	};
	objectVersion = 55;
	objects = {

/* Begin PBXBuildFile section */
		034570922882BEE6004354F4 /* AppDelegate.swift in Sources */ = {isa = PBXBuildFile; fileRef = 034570912882BEE6004354F4 /* AppDelegate.swift */; };
		034570942882BEE6004354F4 /* SceneDelegate.swift in Sources */ = {isa = PBXBuildFile; fileRef = 034570932882BEE6004354F4 /* SceneDelegate.swift */; };
		034570992882BEE6004354F4 /* Main.storyboard in Resources */ = {isa = PBXBuildFile; fileRef = 034570972882BEE6004354F4 /* Main.storyboard */; };
		0345709B2882BEE7004354F4 /* Assets.xcassets in Resources */ = {isa = PBXBuildFile; fileRef = 0345709A2882BEE7004354F4 /* Assets.xcassets */; };
		0345709E2882BEE7004354F4 /* LaunchScreen.storyboard in Resources */ = {isa = PBXBuildFile; fileRef = 0345709C2882BEE7004354F4 /* LaunchScreen.storyboard */; };
		034570A62882BFB4004354F4 /* SearchViewController.swift in Sources */ = {isa = PBXBuildFile; fileRef = 034570A52882BFB3004354F4 /* SearchViewController.swift */; };
		034570AA2882C66B004354F4 /* UserProfile.swift in Sources */ = {isa = PBXBuildFile; fileRef = 034570A92882C66B004354F4 /* UserProfile.swift */; };
		034570AC2882C688004354F4 /* Resource.swift in Sources */ = {isa = PBXBuildFile; fileRef = 034570AB2882C688004354F4 /* Resource.swift */; };
		034570AE2882C69E004354F4 /* NetworkService.swift in Sources */ = {isa = PBXBuildFile; fileRef = 034570AD2882C69E004354F4 /* NetworkService.swift */; };
		0396EAE92882D169003841ED /* Publisher+Utils.swift in Sources */ = {isa = PBXBuildFile; fileRef = 0396EAE82882D169003841ED /* Publisher+Utils.swift */; };
		0396EAEC2882EE79003841ED /* Kingfisher in Frameworks */ = {isa = PBXBuildFile; productRef = 0396EAEB2882EE79003841ED /* Kingfisher */; };
/* End PBXBuildFile section */

/* Begin PBXFileReference section */
		0345708E2882BEE6004354F4 /* GithubUserProfile.app */ = {isa = PBXFileReference; explicitFileType = wrapper.application; includeInIndex = 0; path = GithubUserProfile.app; sourceTree = BUILT_PRODUCTS_DIR; };
		034570912882BEE6004354F4 /* AppDelegate.swift */ = {isa = PBXFileReference; lastKnownFileType = sourcecode.swift; path = AppDelegate.swift; sourceTree = "<group>"; };
		034570932882BEE6004354F4 /* SceneDelegate.swift */ = {isa = PBXFileReference; lastKnownFileType = sourcecode.swift; path = SceneDelegate.swift; sourceTree = "<group>"; };
		034570982882BEE6004354F4 /* Base */ = {isa = PBXFileReference; lastKnownFileType = file.storyboard; name = Base; path = Base.lproj/Main.storyboard; sourceTree = "<group>"; };
		0345709A2882BEE7004354F4 /* Assets.xcassets */ = {isa = PBXFileReference; lastKnownFileType = folder.assetcatalog; path = Assets.xcassets; sourceTree = "<group>"; };
		0345709D2882BEE7004354F4 /* Base */ = {isa = PBXFileReference; lastKnownFileType = file.storyboard; name = Base; path = Base.lproj/LaunchScreen.storyboard; sourceTree = "<group>"; };
		0345709F2882BEE7004354F4 /* Info.plist */ = {isa = PBXFileReference; lastKnownFileType = text.plist.xml; path = Info.plist; sourceTree = "<group>"; };
		034570A52882BFB3004354F4 /* SearchViewController.swift */ = {isa = PBXFileReference; lastKnownFileType = sourcecode.swift; path = SearchViewController.swift; sourceTree = "<group>"; };
		034570A92882C66B004354F4 /* UserProfile.swift */ = {isa = PBXFileReference; lastKnownFileType = sourcecode.swift; path = UserProfile.swift; sourceTree = "<group>"; };
		034570AB2882C688004354F4 /* Resource.swift */ = {isa = PBXFileReference; lastKnownFileType = sourcecode.swift; path = Resource.swift; sourceTree = "<group>"; };
		034570AD2882C69E004354F4 /* NetworkService.swift */ = {isa = PBXFileReference; lastKnownFileType = sourcecode.swift; path = NetworkService.swift; sourceTree = "<group>"; };
		0396EAE82882D169003841ED /* Publisher+Utils.swift */ = {isa = PBXFileReference; lastKnownFileType = sourcecode.swift; path = "Publisher+Utils.swift"; sourceTree = "<group>"; };
/* End PBXFileReference section */

/* Begin PBXFrameworksBuildPhase section */
		0345708B2882BEE6004354F4 /* Frameworks */ = {
			isa = PBXFrameworksBuildPhase;
			buildActionMask = 2147483647;
			files = (
				0396EAEC2882EE79003841ED /* Kingfisher in Frameworks */,
			);
			runOnlyForDeploymentPostprocessing = 0;
		};
/* End PBXFrameworksBuildPhase section */

/* Begin PBXGroup section */
		034570852882BEE6004354F4 = {
			isa = PBXGroup;
			children = (
				0396EAE72882D150003841ED /* Utils */,
				034570A82882C326004354F4 /* Network */,
				034570A72882C24C004354F4 /* Model */,
				034570902882BEE6004354F4 /* GithubUserProfile */,
				0345708F2882BEE6004354F4 /* Products */,
			);
			sourceTree = "<group>";
		};
		0345708F2882BEE6004354F4 /* Products */ = {
			isa = PBXGroup;
			children = (
				0345708E2882BEE6004354F4 /* GithubUserProfile.app */,
			);
			name = Products;
			sourceTree = "<group>";
		};
		034570902882BEE6004354F4 /* GithubUserProfile */ = {
			isa = PBXGroup;
			children = (
				034570A52882BFB3004354F4 /* SearchViewController.swift */,
				034570912882BEE6004354F4 /* AppDelegate.swift */,
				034570932882BEE6004354F4 /* SceneDelegate.swift */,
				034570972882BEE6004354F4 /* Main.storyboard */,
				0345709A2882BEE7004354F4 /* Assets.xcassets */,
				0345709C2882BEE7004354F4 /* LaunchScreen.storyboard */,
				0345709F2882BEE7004354F4 /* Info.plist */,
			);
			path = GithubUserProfile;
			sourceTree = "<group>";
		};
		034570A72882C24C004354F4 /* Model */ = {
			isa = PBXGroup;
			children = (
				034570A92882C66B004354F4 /* UserProfile.swift */,
			);
			path = Model;
			sourceTree = "<group>";
		};
		034570A82882C326004354F4 /* Network */ = {
			isa = PBXGroup;
			children = (
				034570AB2882C688004354F4 /* Resource.swift */,
				034570AD2882C69E004354F4 /* NetworkService.swift */,
			);
			path = Network;
			sourceTree = "<group>";
		};
		0396EAE72882D150003841ED /* Utils */ = {
			isa = PBXGroup;
			children = (
				0396EAE82882D169003841ED /* Publisher+Utils.swift */,
			);
			path = Utils;
			sourceTree = "<group>";
		};
/* End PBXGroup section */

/* Begin PBXNativeTarget section */
		0345708D2882BEE6004354F4 /* GithubUserProfile */ = {
			isa = PBXNativeTarget;
			buildConfigurationList = 034570A22882BEE7004354F4 /* Build configuration list for PBXNativeTarget "GithubUserProfile" */;
			buildPhases = (
				0345708A2882BEE6004354F4 /* Sources */,
				0345708B2882BEE6004354F4 /* Frameworks */,
				0345708C2882BEE6004354F4 /* Resources */,
			);
			buildRules = (
			);
			dependencies = (
			);
			name = GithubUserProfile;
			packageProductDependencies = (
				0396EAEB2882EE79003841ED /* Kingfisher */,
			);
			productName = GithubUserProfile;
			productReference = 0345708E2882BEE6004354F4 /* GithubUserProfile.app */;
			productType = "com.apple.product-type.application";
		};
/* End PBXNativeTarget section */

/* Begin PBXProject section */
		034570862882BEE6004354F4 /* Project object */ = {
			isa = PBXProject;
			attributes = {
				BuildIndependentTargetsInParallel = 1;
				LastSwiftUpdateCheck = 1310;
				LastUpgradeCheck = 1310;
				TargetAttributes = {
					0345708D2882BEE6004354F4 = {
						CreatedOnToolsVersion = 13.1;
					};
				};
			};
			buildConfigurationList = 034570892882BEE6004354F4 /* Build configuration list for PBXProject "GithubUserProfile" */;
			compatibilityVersion = "Xcode 13.0";
			developmentRegion = en;
			hasScannedForEncodings = 0;
			knownRegions = (
				en,
				Base,
			);
			mainGroup = 034570852882BEE6004354F4;
			packageReferences = (
				0396EAEA2882EE79003841ED /* XCRemoteSwiftPackageReference "Kingfisher" */,
			);
			productRefGroup = 0345708F2882BEE6004354F4 /* Products */;
			projectDirPath = "";
			projectRoot = "";
			targets = (
				0345708D2882BEE6004354F4 /* GithubUserProfile */,
			);
		};
/* End PBXProject section */

/* Begin PBXResourcesBuildPhase section */
		0345708C2882BEE6004354F4 /* Resources */ = {
			isa = PBXResourcesBuildPhase;
			buildActionMask = 2147483647;
			files = (
				0345709E2882BEE7004354F4 /* LaunchScreen.storyboard in Resources */,
				0345709B2882BEE7004354F4 /* Assets.xcassets in Resources */,
				034570992882BEE6004354F4 /* Main.storyboard in Resources */,
			);
			runOnlyForDeploymentPostprocessing = 0;
		};
/* End PBXResourcesBuildPhase section */

/* Begin PBXSourcesBuildPhase section */
		0345708A2882BEE6004354F4 /* Sources */ = {
			isa = PBXSourcesBuildPhase;
			buildActionMask = 2147483647;
			files = (
				034570AA2882C66B004354F4 /* UserProfile.swift in Sources */,
				034570A62882BFB4004354F4 /* SearchViewController.swift in Sources */,
				034570922882BEE6004354F4 /* AppDelegate.swift in Sources */,
				034570AC2882C688004354F4 /* Resource.swift in Sources */,
				0396EAE92882D169003841ED /* Publisher+Utils.swift in Sources */,
				034570AE2882C69E004354F4 /* NetworkService.swift in Sources */,
				034570942882BEE6004354F4 /* SceneDelegate.swift in Sources */,
			);
			runOnlyForDeploymentPostprocessing = 0;
		};
/* End PBXSourcesBuildPhase section */

/* Begin PBXVariantGroup section */
		034570972882BEE6004354F4 /* Main.storyboard */ = {
			isa = PBXVariantGroup;
			children = (
				034570982882BEE6004354F4 /* Base */,
			);
			name = Main.storyboard;
			sourceTree = "<group>";
		};
		0345709C2882BEE7004354F4 /* LaunchScreen.storyboard */ = {
			isa = PBXVariantGroup;
			children = (
				0345709D2882BEE7004354F4 /* Base */,
			);
			name = LaunchScreen.storyboard;
			sourceTree = "<group>";
		};
/* End PBXVariantGroup section */

/* Begin XCBuildConfiguration section */
		034570A02882BEE7004354F4 /* Debug */ = {
			isa = XCBuildConfiguration;
			buildSettings = {
				ALWAYS_SEARCH_USER_PATHS = NO;
				CLANG_ANALYZER_NONNULL = YES;
				CLANG_ANALYZER_NUMBER_OBJECT_CONVERSION = YES_AGGRESSIVE;
				CLANG_CXX_LANGUAGE_STANDARD = "gnu++17";
				CLANG_CXX_LIBRARY = "libc++";
				CLANG_ENABLE_MODULES = YES;
				CLANG_ENABLE_OBJC_ARC = YES;
				CLANG_ENABLE_OBJC_WEAK = YES;
				CLANG_WARN_BLOCK_CAPTURE_AUTORELEASING = YES;
				CLANG_WARN_BOOL_CONVERSION = YES;
				CLANG_WARN_COMMA = YES;
				CLANG_WARN_CONSTANT_CONVERSION = YES;
				CLANG_WARN_DEPRECATED_OBJC_IMPLEMENTATIONS = YES;
				CLANG_WARN_DIRECT_OBJC_ISA_USAGE = YES_ERROR;
				CLANG_WARN_DOCUMENTATION_COMMENTS = YES;
				CLANG_WARN_EMPTY_BODY = YES;
				CLANG_WARN_ENUM_CONVERSION = YES;
				CLANG_WARN_INFINITE_RECURSION = YES;
				CLANG_WARN_INT_CONVERSION = YES;
				CLANG_WARN_NON_LITERAL_NULL_CONVERSION = YES;
				CLANG_WARN_OBJC_IMPLICIT_RETAIN_SELF = YES;
				CLANG_WARN_OBJC_LITERAL_CONVERSION = YES;
				CLANG_WARN_OBJC_ROOT_CLASS = YES_ERROR;
				CLANG_WARN_QUOTED_INCLUDE_IN_FRAMEWORK_HEADER = YES;
				CLANG_WARN_RANGE_LOOP_ANALYSIS = YES;
				CLANG_WARN_STRICT_PROTOTYPES = YES;
				CLANG_WARN_SUSPICIOUS_MOVE = YES;
				CLANG_WARN_UNGUARDED_AVAILABILITY = YES_AGGRESSIVE;
				CLANG_WARN_UNREACHABLE_CODE = YES;
				CLANG_WARN__DUPLICATE_METHOD_MATCH = YES;
				COPY_PHASE_STRIP = NO;
				DEBUG_INFORMATION_FORMAT = dwarf;
				ENABLE_STRICT_OBJC_MSGSEND = YES;
				ENABLE_TESTABILITY = YES;
				GCC_C_LANGUAGE_STANDARD = gnu11;
				GCC_DYNAMIC_NO_PIC = NO;
				GCC_NO_COMMON_BLOCKS = YES;
				GCC_OPTIMIZATION_LEVEL = 0;
				GCC_PREPROCESSOR_DEFINITIONS = (
					"DEBUG=1",
					"$(inherited)",
				);
				GCC_WARN_64_TO_32_BIT_CONVERSION = YES;
				GCC_WARN_ABOUT_RETURN_TYPE = YES_ERROR;
				GCC_WARN_UNDECLARED_SELECTOR = YES;
				GCC_WARN_UNINITIALIZED_AUTOS = YES_AGGRESSIVE;
				GCC_WARN_UNUSED_FUNCTION = YES;
				GCC_WARN_UNUSED_VARIABLE = YES;
				IPHONEOS_DEPLOYMENT_TARGET = 15.0;
				MTL_ENABLE_DEBUG_INFO = INCLUDE_SOURCE;
				MTL_FAST_MATH = YES;
				ONLY_ACTIVE_ARCH = YES;
				SDKROOT = iphoneos;
				SWIFT_ACTIVE_COMPILATION_CONDITIONS = DEBUG;
				SWIFT_OPTIMIZATION_LEVEL = "-Onone";
			};
			name = Debug;
		};
		034570A12882BEE7004354F4 /* Release */ = {
			isa = XCBuildConfiguration;
			buildSettings = {
				ALWAYS_SEARCH_USER_PATHS = NO;
				CLANG_ANALYZER_NONNULL = YES;
				CLANG_ANALYZER_NUMBER_OBJECT_CONVERSION = YES_AGGRESSIVE;
				CLANG_CXX_LANGUAGE_STANDARD = "gnu++17";
				CLANG_CXX_LIBRARY = "libc++";
				CLANG_ENABLE_MODULES = YES;
				CLANG_ENABLE_OBJC_ARC = YES;
				CLANG_ENABLE_OBJC_WEAK = YES;
				CLANG_WARN_BLOCK_CAPTURE_AUTORELEASING = YES;
				CLANG_WARN_BOOL_CONVERSION = YES;
				CLANG_WARN_COMMA = YES;
				CLANG_WARN_CONSTANT_CONVERSION = YES;
				CLANG_WARN_DEPRECATED_OBJC_IMPLEMENTATIONS = YES;
				CLANG_WARN_DIRECT_OBJC_ISA_USAGE = YES_ERROR;
				CLANG_WARN_DOCUMENTATION_COMMENTS = YES;
				CLANG_WARN_EMPTY_BODY = YES;
				CLANG_WARN_ENUM_CONVERSION = YES;
				CLANG_WARN_INFINITE_RECURSION = YES;
				CLANG_WARN_INT_CONVERSION = YES;
				CLANG_WARN_NON_LITERAL_NULL_CONVERSION = YES;
				CLANG_WARN_OBJC_IMPLICIT_RETAIN_SELF = YES;
				CLANG_WARN_OBJC_LITERAL_CONVERSION = YES;
				CLANG_WARN_OBJC_ROOT_CLASS = YES_ERROR;
				CLANG_WARN_QUOTED_INCLUDE_IN_FRAMEWORK_HEADER = YES;
				CLANG_WARN_RANGE_LOOP_ANALYSIS = YES;
				CLANG_WARN_STRICT_PROTOTYPES = YES;
				CLANG_WARN_SUSPICIOUS_MOVE = YES;
				CLANG_WARN_UNGUARDED_AVAILABILITY = YES_AGGRESSIVE;
				CLANG_WARN_UNREACHABLE_CODE = YES;
				CLANG_WARN__DUPLICATE_METHOD_MATCH = YES;
				COPY_PHASE_STRIP = NO;
				DEBUG_INFORMATION_FORMAT = "dwarf-with-dsym";
				ENABLE_NS_ASSERTIONS = NO;
				ENABLE_STRICT_OBJC_MSGSEND = YES;
				GCC_C_LANGUAGE_STANDARD = gnu11;
				GCC_NO_COMMON_BLOCKS = YES;
				GCC_WARN_64_TO_32_BIT_CONVERSION = YES;
				GCC_WARN_ABOUT_RETURN_TYPE = YES_ERROR;
				GCC_WARN_UNDECLARED_SELECTOR = YES;
				GCC_WARN_UNINITIALIZED_AUTOS = YES_AGGRESSIVE;
				GCC_WARN_UNUSED_FUNCTION = YES;
				GCC_WARN_UNUSED_VARIABLE = YES;
				IPHONEOS_DEPLOYMENT_TARGET = 15.0;
				MTL_ENABLE_DEBUG_INFO = NO;
				MTL_FAST_MATH = YES;
				SDKROOT = iphoneos;
				SWIFT_COMPILATION_MODE = wholemodule;
				SWIFT_OPTIMIZATION_LEVEL = "-O";
				VALIDATE_PRODUCT = YES;
			};
			name = Release;
		};
		034570A32882BEE7004354F4 /* Debug */ = {
			isa = XCBuildConfiguration;
			buildSettings = {
				ASSETCATALOG_COMPILER_APPICON_NAME = AppIcon;
				ASSETCATALOG_COMPILER_GLOBAL_ACCENT_COLOR_NAME = AccentColor;
				CODE_SIGN_STYLE = Automatic;
				CURRENT_PROJECT_VERSION = 1;
				DEVELOPMENT_TEAM = NMC6ZX3X68;
				GENERATE_INFOPLIST_FILE = YES;
				INFOPLIST_FILE = GithubUserProfile/Info.plist;
				INFOPLIST_KEY_UIApplicationSupportsIndirectInputEvents = YES;
				INFOPLIST_KEY_UILaunchStoryboardName = LaunchScreen;
				INFOPLIST_KEY_UIMainStoryboardFile = Main;
				INFOPLIST_KEY_UISupportedInterfaceOrientations_iPad = "UIInterfaceOrientationPortrait UIInterfaceOrientationPortraitUpsideDown UIInterfaceOrientationLandscapeLeft UIInterfaceOrientationLandscapeRight";
				INFOPLIST_KEY_UISupportedInterfaceOrientations_iPhone = "UIInterfaceOrientationPortrait UIInterfaceOrientationLandscapeLeft UIInterfaceOrientationLandscapeRight";
				LD_RUNPATH_SEARCH_PATHS = (
					"$(inherited)",
					"@executable_path/Frameworks",
				);
				MARKETING_VERSION = 1.0;
				PRODUCT_BUNDLE_IDENTIFIER = oyejin.GithubUserProfile;
				PRODUCT_NAME = "$(TARGET_NAME)";
				SWIFT_EMIT_LOC_STRINGS = YES;
				SWIFT_VERSION = 5.0;
				TARGETED_DEVICE_FAMILY = "1,2";
			};
			name = Debug;
		};
		034570A42882BEE7004354F4 /* Release */ = {
			isa = XCBuildConfiguration;
			buildSettings = {
				ASSETCATALOG_COMPILER_APPICON_NAME = AppIcon;
				ASSETCATALOG_COMPILER_GLOBAL_ACCENT_COLOR_NAME = AccentColor;
				CODE_SIGN_STYLE = Automatic;
				CURRENT_PROJECT_VERSION = 1;
				DEVELOPMENT_TEAM = NMC6ZX3X68;
				GENERATE_INFOPLIST_FILE = YES;
				INFOPLIST_FILE = GithubUserProfile/Info.plist;
				INFOPLIST_KEY_UIApplicationSupportsIndirectInputEvents = YES;
				INFOPLIST_KEY_UILaunchStoryboardName = LaunchScreen;
				INFOPLIST_KEY_UIMainStoryboardFile = Main;
				INFOPLIST_KEY_UISupportedInterfaceOrientations_iPad = "UIInterfaceOrientationPortrait UIInterfaceOrientationPortraitUpsideDown UIInterfaceOrientationLandscapeLeft UIInterfaceOrientationLandscapeRight";
				INFOPLIST_KEY_UISupportedInterfaceOrientations_iPhone = "UIInterfaceOrientationPortrait UIInterfaceOrientationLandscapeLeft UIInterfaceOrientationLandscapeRight";
				LD_RUNPATH_SEARCH_PATHS = (
					"$(inherited)",
					"@executable_path/Frameworks",
				);
				MARKETING_VERSION = 1.0;
				PRODUCT_BUNDLE_IDENTIFIER = oyejin.GithubUserProfile;
				PRODUCT_NAME = "$(TARGET_NAME)";
				SWIFT_EMIT_LOC_STRINGS = YES;
				SWIFT_VERSION = 5.0;
				TARGETED_DEVICE_FAMILY = "1,2";
			};
			name = Release;
		};
/* End XCBuildConfiguration section */

/* Begin XCConfigurationList section */
		034570892882BEE6004354F4 /* Build configuration list for PBXProject "GithubUserProfile" */ = {
			isa = XCConfigurationList;
			buildConfigurations = (
				034570A02882BEE7004354F4 /* Debug */,
				034570A12882BEE7004354F4 /* Release */,
			);
			defaultConfigurationIsVisible = 0;
			defaultConfigurationName = Release;
		};
		034570A22882BEE7004354F4 /* Build configuration list for PBXNativeTarget "GithubUserProfile" */ = {
			isa = XCConfigurationList;
			buildConfigurations = (
				034570A32882BEE7004354F4 /* Debug */,
				034570A42882BEE7004354F4 /* Release */,
			);
			defaultConfigurationIsVisible = 0;
			defaultConfigurationName = Release;
		};
/* End XCConfigurationList section */

/* Begin XCRemoteSwiftPackageReference section */
		0396EAEA2882EE79003841ED /* XCRemoteSwiftPackageReference "Kingfisher" */ = {
			isa = XCRemoteSwiftPackageReference;
			repositoryURL = "https://github.com/onevcat/Kingfisher";
			requirement = {
				kind = exactVersion;
				version = 7.3.0;
			};
		};
/* End XCRemoteSwiftPackageReference section */

/* Begin XCSwiftPackageProductDependency section */
		0396EAEB2882EE79003841ED /* Kingfisher */ = {
			isa = XCSwiftPackageProductDependency;
			package = 0396EAEA2882EE79003841ED /* XCRemoteSwiftPackageReference "Kingfisher" */;
			productName = Kingfisher;
		};
/* End XCSwiftPackageProductDependency section */
	};
	rootObject = 034570862882BEE6004354F4 /* Project object */;
}
